
Microsoft Visual Studio Solution File, Format Version 12.00
Project("{FAE04EC0-301F-11D3-BF4B-00C04F79EFBC}") = "WatsonSync", "WatsonSync\WatsonSync.csproj", "{B823524B-93E9-4AE7-9EB9-C4CDD58F5C6B}"
EndProject
Project("{FAE04EC0-301F-11D3-BF4B-00C04F79EFBC}") = "WatsonSyncSpecs", "WatsonSyncSpecs\WatsonSyncSpecs.csproj", "{5B1075DA-B671-4359-967C-059600649F7E}"
EndProject
Global
	GlobalSection(SolutionConfigurationPlatforms) = preSolution
		Debug|Any CPU = Debug|Any CPU
		Release|Any CPU = Release|Any CPU
	EndGlobalSection
	GlobalSection(ProjectConfigurationPlatforms) = postSolution
		{B823524B-93E9-4AE7-9EB9-C4CDD58F5C6B}.Debug|Any CPU.ActiveCfg = Debug|Any CPU
		{B823524B-93E9-4AE7-9EB9-C4CDD58F5C6B}.Debug|Any CPU.Build.0 = Debug|Any CPU
		{B823524B-93E9-4AE7-9EB9-C4CDD58F5C6B}.Release|Any CPU.ActiveCfg = Release|Any CPU
		{B823524B-93E9-4AE7-9EB9-C4CDD58F5C6B}.Release|Any CPU.Build.0 = Release|Any CPU
		{5B1075DA-B671-4359-967C-059600649F7E}.Debug|Any CPU.ActiveCfg = Debug|Any CPU
		{5B1075DA-B671-4359-967C-059600649F7E}.Debug|Any CPU.Build.0 = Debug|Any CPU
		{5B1075DA-B671-4359-967C-059600649F7E}.Release|Any CPU.ActiveCfg = Release|Any CPU
		{5B1075DA-B671-4359-967C-059600649F7E}.Release|Any CPU.Build.0 = Release|Any CPU
	EndGlobalSection
EndGlobal
